// !$*UTF8*$!
{
	archiveVersion = 1;
	classes = {
	};
	objectVersion = 50;
	objects = {

/* Begin PBXBuildFile section */
		B1D64FAF2713A32C0094EEEF /* AppDelegate.swift in Sources */ = {isa = PBXBuildFile; fileRef = B1D64FAE2713A32C0094EEEF /* AppDelegate.swift */; };
		B1D64FB12713A32C0094EEEF /* SceneDelegate.swift in Sources */ = {isa = PBXBuildFile; fileRef = B1D64FB02713A32C0094EEEF /* SceneDelegate.swift */; };
		B1D64FB32713A32C0094EEEF /* ViewController.swift in Sources */ = {isa = PBXBuildFile; fileRef = B1D64FB22713A32C0094EEEF /* ViewController.swift */; };
		B1D64FB62713A32C0094EEEF /* Main.storyboard in Resources */ = {isa = PBXBuildFile; fileRef = B1D64FB42713A32C0094EEEF /* Main.storyboard */; };
		B1D64FB82713A3310094EEEF /* Assets.xcassets in Resources */ = {isa = PBXBuildFile; fileRef = B1D64FB72713A3310094EEEF /* Assets.xcassets */; };
		B1D64FBB2713A3310094EEEF /* LaunchScreen.storyboard in Resources */ = {isa = PBXBuildFile; fileRef = B1D64FB92713A3310094EEEF /* LaunchScreen.storyboard */; };
		B1D64FC62713A3320094EEEF /* ParstagramTests.swift in Sources */ = {isa = PBXBuildFile; fileRef = B1D64FC52713A3320094EEEF /* ParstagramTests.swift */; };
		B1D64FD12713A3320094EEEF /* ParstagramUITests.swift in Sources */ = {isa = PBXBuildFile; fileRef = B1D64FD02713A3320094EEEF /* ParstagramUITests.swift */; };
/* End PBXBuildFile section */

/* Begin PBXContainerItemProxy section */
		B1D64FC22713A3320094EEEF /* PBXContainerItemProxy */ = {
			isa = PBXContainerItemProxy;
			containerPortal = B1D64FA32713A32C0094EEEF /* Project object */;
			proxyType = 1;
			remoteGlobalIDString = B1D64FAA2713A32C0094EEEF;
			remoteInfo = Parstagram;
		};
		B1D64FCD2713A3320094EEEF /* PBXContainerItemProxy */ = {
			isa = PBXContainerItemProxy;
			containerPortal = B1D64FA32713A32C0094EEEF /* Project object */;
			proxyType = 1;
			remoteGlobalIDString = B1D64FAA2713A32C0094EEEF;
			remoteInfo = Parstagram;
		};
/* End PBXContainerItemProxy section */

/* Begin PBXFileReference section */
		B1D64FAB2713A32C0094EEEF /* Parstagram.app */ = {isa = PBXFileReference; explicitFileType = wrapper.application; includeInIndex = 0; path = Parstagram.app; sourceTree = BUILT_PRODUCTS_DIR; };
		B1D64FAE2713A32C0094EEEF /* AppDelegate.swift */ = {isa = PBXFileReference; lastKnownFileType = sourcecode.swift; path = AppDelegate.swift; sourceTree = "<group>"; };
		B1D64FB02713A32C0094EEEF /* SceneDelegate.swift */ = {isa = PBXFileReference; lastKnownFileType = sourcecode.swift; path = SceneDelegate.swift; sourceTree = "<group>"; };
		B1D64FB22713A32C0094EEEF /* ViewController.swift */ = {isa = PBXFileReference; lastKnownFileType = sourcecode.swift; path = ViewController.swift; sourceTree = "<group>"; };
		B1D64FB52713A32C0094EEEF /* Base */ = {isa = PBXFileReference; lastKnownFileType = file.storyboard; name = Base; path = Base.lproj/Main.storyboard; sourceTree = "<group>"; };
		B1D64FB72713A3310094EEEF /* Assets.xcassets */ = {isa = PBXFileReference; lastKnownFileType = folder.assetcatalog; path = Assets.xcassets; sourceTree = "<group>"; };
		B1D64FBA2713A3310094EEEF /* Base */ = {isa = PBXFileReference; lastKnownFileType = file.storyboard; name = Base; path = Base.lproj/LaunchScreen.storyboard; sourceTree = "<group>"; };
		B1D64FBC2713A3310094EEEF /* Info.plist */ = {isa = PBXFileReference; lastKnownFileType = text.plist.xml; path = Info.plist; sourceTree = "<group>"; };
		B1D64FC12713A3320094EEEF /* ParstagramTests.xctest */ = {isa = PBXFileReference; explicitFileType = wrapper.cfbundle; includeInIndex = 0; path = ParstagramTests.xctest; sourceTree = BUILT_PRODUCTS_DIR; };
		B1D64FC52713A3320094EEEF /* ParstagramTests.swift */ = {isa = PBXFileReference; lastKnownFileType = sourcecode.swift; path = ParstagramTests.swift; sourceTree = "<group>"; };
		B1D64FC72713A3320094EEEF /* Info.plist */ = {isa = PBXFileReference; lastKnownFileType = text.plist.xml; path = Info.plist; sourceTree = "<group>"; };
		B1D64FCC2713A3320094EEEF /* ParstagramUITests.xctest */ = {isa = PBXFileReference; explicitFileType = wrapper.cfbundle; includeInIndex = 0; path = ParstagramUITests.xctest; sourceTree = BUILT_PRODUCTS_DIR; };
		B1D64FD02713A3320094EEEF /* ParstagramUITests.swift */ = {isa = PBXFileReference; lastKnownFileType = sourcecode.swift; path = ParstagramUITests.swift; sourceTree = "<group>"; };
		B1D64FD22713A3320094EEEF /* Info.plist */ = {isa = PBXFileReference; lastKnownFileType = text.plist.xml; path = Info.plist; sourceTree = "<group>"; };
/* End PBXFileReference section */

/* Begin PBXFrameworksBuildPhase section */
		B1D64FA82713A32C0094EEEF /* Frameworks */ = {
			isa = PBXFrameworksBuildPhase;
			buildActionMask = 2147483647;
			files = (
			);
			runOnlyForDeploymentPostprocessing = 0;
		};
		B1D64FBE2713A3320094EEEF /* Frameworks */ = {
			isa = PBXFrameworksBuildPhase;
			buildActionMask = 2147483647;
			files = (
			);
			runOnlyForDeploymentPostprocessing = 0;
		};
		B1D64FC92713A3320094EEEF /* Frameworks */ = {
			isa = PBXFrameworksBuildPhase;
			buildActionMask = 2147483647;
			files = (
			);
			runOnlyForDeploymentPostprocessing = 0;
		};
/* End PBXFrameworksBuildPhase section */

/* Begin PBXGroup section */
		B1D64FA22713A32C0094EEEF = {
			isa = PBXGroup;
			children = (
				B1D64FAD2713A32C0094EEEF /* Parstagram */,
				B1D64FC42713A3320094EEEF /* ParstagramTests */,
				B1D64FCF2713A3320094EEEF /* ParstagramUITests */,
				B1D64FAC2713A32C0094EEEF /* Products */,
			);
			sourceTree = "<group>";
		};
		B1D64FAC2713A32C0094EEEF /* Products */ = {
			isa = PBXGroup;
			children = (
				B1D64FAB2713A32C0094EEEF /* Parstagram.app */,
				B1D64FC12713A3320094EEEF /* ParstagramTests.xctest */,
				B1D64FCC2713A3320094EEEF /* ParstagramUITests.xctest */,
			);
			name = Products;
			sourceTree = "<group>";
		};
		B1D64FAD2713A32C0094EEEF /* Parstagram */ = {
			isa = PBXGroup;
			children = (
				B1D64FAE2713A32C0094EEEF /* AppDelegate.swift */,
				B1D64FB02713A32C0094EEEF /* SceneDelegate.swift */,
				B1D64FB22713A32C0094EEEF /* ViewController.swift */,
				B1D64FB42713A32C0094EEEF /* Main.storyboard */,
				B1D64FB72713A3310094EEEF /* Assets.xcassets */,
				B1D64FB92713A3310094EEEF /* LaunchScreen.storyboard */,
				B1D64FBC2713A3310094EEEF /* Info.plist */,
			);
			path = Parstagram;
			sourceTree = "<group>";
		};
		B1D64FC42713A3320094EEEF /* ParstagramTests */ = {
			isa = PBXGroup;
			children = (
				B1D64FC52713A3320094EEEF /* ParstagramTests.swift */,
				B1D64FC72713A3320094EEEF /* Info.plist */,
			);
			path = ParstagramTests;
			sourceTree = "<group>";
		};
		B1D64FCF2713A3320094EEEF /* ParstagramUITests */ = {
			isa = PBXGroup;
			children = (
				B1D64FD02713A3320094EEEF /* ParstagramUITests.swift */,
				B1D64FD22713A3320094EEEF /* Info.plist */,
			);
			path = ParstagramUITests;
			sourceTree = "<group>";
		};
/* End PBXGroup section */

/* Begin PBXNativeTarget section */
		B1D64FAA2713A32C0094EEEF /* Parstagram */ = {
			isa = PBXNativeTarget;
			buildConfigurationList = B1D64FD52713A3320094EEEF /* Build configuration list for PBXNativeTarget "Parstagram" */;
			buildPhases = (
				B1D64FA72713A32C0094EEEF /* Sources */,
				B1D64FA82713A32C0094EEEF /* Frameworks */,
				B1D64FA92713A32C0094EEEF /* Resources */,
			);
			buildRules = (
			);
			dependencies = (
			);
			name = Parstagram;
			productName = Parstagram;
			productReference = B1D64FAB2713A32C0094EEEF /* Parstagram.app */;
			productType = "com.apple.product-type.application";
		};
		B1D64FC02713A3320094EEEF /* ParstagramTests */ = {
			isa = PBXNativeTarget;
			buildConfigurationList = B1D64FD82713A3320094EEEF /* Build configuration list for PBXNativeTarget "ParstagramTests" */;
			buildPhases = (
				B1D64FBD2713A3320094EEEF /* Sources */,
				B1D64FBE2713A3320094EEEF /* Frameworks */,
				B1D64FBF2713A3320094EEEF /* Resources */,
			);
			buildRules = (
			);
			dependencies = (
				B1D64FC32713A3320094EEEF /* PBXTargetDependency */,
			);
			name = ParstagramTests;
			productName = ParstagramTests;
			productReference = B1D64FC12713A3320094EEEF /* ParstagramTests.xctest */;
			productType = "com.apple.product-type.bundle.unit-test";
		};
		B1D64FCB2713A3320094EEEF /* ParstagramUITests */ = {
			isa = PBXNativeTarget;
			buildConfigurationList = B1D64FDB2713A3320094EEEF /* Build configuration list for PBXNativeTarget "ParstagramUITests" */;
			buildPhases = (
				B1D64FC82713A3320094EEEF /* Sources */,
				B1D64FC92713A3320094EEEF /* Frameworks */,
				B1D64FCA2713A3320094EEEF /* Resources */,
			);
			buildRules = (
			);
			dependencies = (
				B1D64FCE2713A3320094EEEF /* PBXTargetDependency */,
			);
			name = ParstagramUITests;
			productName = ParstagramUITests;
			productReference = B1D64FCC2713A3320094EEEF /* ParstagramUITests.xctest */;
			productType = "com.apple.product-type.bundle.ui-testing";
		};
/* End PBXNativeTarget section */

/* Begin PBXProject section */
		B1D64FA32713A32C0094EEEF /* Project object */ = {
			isa = PBXProject;
			attributes = {
				LastSwiftUpdateCheck = 1250;
				LastUpgradeCheck = 1250;
				TargetAttributes = {
					B1D64FAA2713A32C0094EEEF = {
						CreatedOnToolsVersion = 12.5.1;
					};
					B1D64FC02713A3320094EEEF = {
						CreatedOnToolsVersion = 12.5.1;
						TestTargetID = B1D64FAA2713A32C0094EEEF;
					};
					B1D64FCB2713A3320094EEEF = {
						CreatedOnToolsVersion = 12.5.1;
						TestTargetID = B1D64FAA2713A32C0094EEEF;
					};
				};
			};
			buildConfigurationList = B1D64FA62713A32C0094EEEF /* Build configuration list for PBXProject "Parstagram" */;
			compatibilityVersion = "Xcode 9.3";
			developmentRegion = en;
			hasScannedForEncodings = 0;
			knownRegions = (
				en,
				Base,
			);
			mainGroup = B1D64FA22713A32C0094EEEF;
			productRefGroup = B1D64FAC2713A32C0094EEEF /* Products */;
			projectDirPath = "";
			projectRoot = "";
			targets = (
				B1D64FAA2713A32C0094EEEF /* Parstagram */,
				B1D64FC02713A3320094EEEF /* ParstagramTests */,
				B1D64FCB2713A3320094EEEF /* ParstagramUITests */,
			);
		};
/* End PBXProject section */

/* Begin PBXResourcesBuildPhase section */
		B1D64FA92713A32C0094EEEF /* Resources */ = {
			isa = PBXResourcesBuildPhase;
			buildActionMask = 2147483647;
			files = (
				B1D64FBB2713A3310094EEEF /* LaunchScreen.storyboard in Resources */,
				B1D64FB82713A3310094EEEF /* Assets.xcassets in Resources */,
				B1D64FB62713A32C0094EEEF /* Main.storyboard in Resources */,
			);
			runOnlyForDeploymentPostprocessing = 0;
		};
		B1D64FBF2713A3320094EEEF /* Resources */ = {
			isa = PBXResourcesBuildPhase;
			buildActionMask = 2147483647;
			files = (
			);
			runOnlyForDeploymentPostprocessing = 0;
		};
		B1D64FCA2713A3320094EEEF /* Resources */ = {
			isa = PBXResourcesBuildPhase;
			buildActionMask = 2147483647;
			files = (
			);
			runOnlyForDeploymentPostprocessing = 0;
		};
/* End PBXResourcesBuildPhase section */

/* Begin PBXSourcesBuildPhase section */
		B1D64FA72713A32C0094EEEF /* Sources */ = {
			isa = PBXSourcesBuildPhase;
			buildActionMask = 2147483647;
			files = (
				B1D64FB32713A32C0094EEEF /* ViewController.swift in Sources */,
				B1D64FAF2713A32C0094EEEF /* AppDelegate.swift in Sources */,
				B1D64FB12713A32C0094EEEF /* SceneDelegate.swift in Sources */,
			);
			runOnlyForDeploymentPostprocessing = 0;
		};
		B1D64FBD2713A3320094EEEF /* Sources */ = {
			isa = PBXSourcesBuildPhase;
			buildActionMask = 2147483647;
			files = (
				B1D64FC62713A3320094EEEF /* ParstagramTests.swift in Sources */,
			);
			runOnlyForDeploymentPostprocessing = 0;
		};
		B1D64FC82713A3320094EEEF /* Sources */ = {
			isa = PBXSourcesBuildPhase;
			buildActionMask = 2147483647;
			files = (
				B1D64FD12713A3320094EEEF /* ParstagramUITests.swift in Sources */,
			);
			runOnlyForDeploymentPostprocessing = 0;
		};
/* End PBXSourcesBuildPhase section */

/* Begin PBXTargetDependency section */
		B1D64FC32713A3320094EEEF /* PBXTargetDependency */ = {
			isa = PBXTargetDependency;
			target = B1D64FAA2713A32C0094EEEF /* Parstagram */;
			targetProxy = B1D64FC22713A3320094EEEF /* PBXContainerItemProxy */;
		};
		B1D64FCE2713A3320094EEEF /* PBXTargetDependency */ = {
			isa = PBXTargetDependency;
			target = B1D64FAA2713A32C0094EEEF /* Parstagram */;
			targetProxy = B1D64FCD2713A3320094EEEF /* PBXContainerItemProxy */;
		};
/* End PBXTargetDependency section */

/* Begin PBXVariantGroup section */
		B1D64FB42713A32C0094EEEF /* Main.storyboard */ = {
			isa = PBXVariantGroup;
			children = (
				B1D64FB52713A32C0094EEEF /* Base */,
			);
			name = Main.storyboard;
			sourceTree = "<group>";
		};
		B1D64FB92713A3310094EEEF /* LaunchScreen.storyboard */ = {
			isa = PBXVariantGroup;
			children = (
				B1D64FBA2713A3310094EEEF /* Base */,
			);
			name = LaunchScreen.storyboard;
			sourceTree = "<group>";
		};
/* End PBXVariantGroup section */

/* Begin XCBuildConfiguration section */
		B1D64FD32713A3320094EEEF /* Debug */ = {
			isa = XCBuildConfiguration;
			buildSettings = {
				ALWAYS_SEARCH_USER_PATHS = NO;
				CLANG_ANALYZER_NONNULL = YES;
				CLANG_ANALYZER_NUMBER_OBJECT_CONVERSION = YES_AGGRESSIVE;
				CLANG_CXX_LANGUAGE_STANDARD = "gnu++14";
				CLANG_CXX_LIBRARY = "libc++";
				CLANG_ENABLE_MODULES = YES;
				CLANG_ENABLE_OBJC_ARC = YES;
				CLANG_ENABLE_OBJC_WEAK = YES;
				CLANG_WARN_BLOCK_CAPTURE_AUTORELEASING = YES;
				CLANG_WARN_BOOL_CONVERSION = YES;
				CLANG_WARN_COMMA = YES;
				CLANG_WARN_CONSTANT_CONVERSION = YES;
				CLANG_WARN_DEPRECATED_OBJC_IMPLEMENTATIONS = YES;
				CLANG_WARN_DIRECT_OBJC_ISA_USAGE = YES_ERROR;
				CLANG_WARN_DOCUMENTATION_COMMENTS = YES;
				CLANG_WARN_EMPTY_BODY = YES;
				CLANG_WARN_ENUM_CONVERSION = YES;
				CLANG_WARN_INFINITE_RECURSION = YES;
				CLANG_WARN_INT_CONVERSION = YES;
				CLANG_WARN_NON_LITERAL_NULL_CONVERSION = YES;
				CLANG_WARN_OBJC_IMPLICIT_RETAIN_SELF = YES;
				CLANG_WARN_OBJC_LITERAL_CONVERSION = YES;
				CLANG_WARN_OBJC_ROOT_CLASS = YES_ERROR;
				CLANG_WARN_QUOTED_INCLUDE_IN_FRAMEWORK_HEADER = YES;
				CLANG_WARN_RANGE_LOOP_ANALYSIS = YES;
				CLANG_WARN_STRICT_PROTOTYPES = YES;
				CLANG_WARN_SUSPICIOUS_MOVE = YES;
				CLANG_WARN_UNGUARDED_AVAILABILITY = YES_AGGRESSIVE;
				CLANG_WARN_UNREACHABLE_CODE = YES;
				CLANG_WARN__DUPLICATE_METHOD_MATCH = YES;
				COPY_PHASE_STRIP = NO;
				DEBUG_INFORMATION_FORMAT = dwarf;
				ENABLE_STRICT_OBJC_MSGSEND = YES;
				ENABLE_TESTABILITY = YES;
				GCC_C_LANGUAGE_STANDARD = gnu11;
				GCC_DYNAMIC_NO_PIC = NO;
				GCC_NO_COMMON_BLOCKS = YES;
				GCC_OPTIMIZATION_LEVEL = 0;
				GCC_PREPROCESSOR_DEFINITIONS = (
					"DEBUG=1",
					"$(inherited)",
				);
				GCC_WARN_64_TO_32_BIT_CONVERSION = YES;
				GCC_WARN_ABOUT_RETURN_TYPE = YES_ERROR;
				GCC_WARN_UNDECLARED_SELECTOR = YES;
				GCC_WARN_UNINITIALIZED_AUTOS = YES_AGGRESSIVE;
				GCC_WARN_UNUSED_FUNCTION = YES;
				GCC_WARN_UNUSED_VARIABLE = YES;
				IPHONEOS_DEPLOYMENT_TARGET = 14.5;
				MTL_ENABLE_DEBUG_INFO = INCLUDE_SOURCE;
				MTL_FAST_MATH = YES;
				ONLY_ACTIVE_ARCH = YES;
				SDKROOT = iphoneos;
				SWIFT_ACTIVE_COMPILATION_CONDITIONS = DEBUG;
				SWIFT_OPTIMIZATION_LEVEL = "-Onone";
			};
			name = Debug;
		};
		B1D64FD42713A3320094EEEF /* Release */ = {
			isa = XCBuildConfiguration;
			buildSettings = {
				ALWAYS_SEARCH_USER_PATHS = NO;
				CLANG_ANALYZER_NONNULL = YES;
				CLANG_ANALYZER_NUMBER_OBJECT_CONVERSION = YES_AGGRESSIVE;
				CLANG_CXX_LANGUAGE_STANDARD = "gnu++14";
				CLANG_CXX_LIBRARY = "libc++";
				CLANG_ENABLE_MODULES = YES;
				CLANG_ENABLE_OBJC_ARC = YES;
				CLANG_ENABLE_OBJC_WEAK = YES;
				CLANG_WARN_BLOCK_CAPTURE_AUTORELEASING = YES;
				CLANG_WARN_BOOL_CONVERSION = YES;
				CLANG_WARN_COMMA = YES;
				CLANG_WARN_CONSTANT_CONVERSION = YES;
				CLANG_WARN_DEPRECATED_OBJC_IMPLEMENTATIONS = YES;
				CLANG_WARN_DIRECT_OBJC_ISA_USAGE = YES_ERROR;
				CLANG_WARN_DOCUMENTATION_COMMENTS = YES;
				CLANG_WARN_EMPTY_BODY = YES;
				CLANG_WARN_ENUM_CONVERSION = YES;
				CLANG_WARN_INFINITE_RECURSION = YES;
				CLANG_WARN_INT_CONVERSION = YES;
				CLANG_WARN_NON_LITERAL_NULL_CONVERSION = YES;
				CLANG_WARN_OBJC_IMPLICIT_RETAIN_SELF = YES;
				CLANG_WARN_OBJC_LITERAL_CONVERSION = YES;
				CLANG_WARN_OBJC_ROOT_CLASS = YES_ERROR;
				CLANG_WARN_QUOTED_INCLUDE_IN_FRAMEWORK_HEADER = YES;
				CLANG_WARN_RANGE_LOOP_ANALYSIS = YES;
				CLANG_WARN_STRICT_PROTOTYPES = YES;
				CLANG_WARN_SUSPICIOUS_MOVE = YES;
				CLANG_WARN_UNGUARDED_AVAILABILITY = YES_AGGRESSIVE;
				CLANG_WARN_UNREACHABLE_CODE = YES;
				CLANG_WARN__DUPLICATE_METHOD_MATCH = YES;
				COPY_PHASE_STRIP = NO;
				DEBUG_INFORMATION_FORMAT = "dwarf-with-dsym";
				ENABLE_NS_ASSERTIONS = NO;
				ENABLE_STRICT_OBJC_MSGSEND = YES;
				GCC_C_LANGUAGE_STANDARD = gnu11;
				GCC_NO_COMMON_BLOCKS = YES;
				GCC_WARN_64_TO_32_BIT_CONVERSION = YES;
				GCC_WARN_ABOUT_RETURN_TYPE = YES_ERROR;
				GCC_WARN_UNDECLARED_SELECTOR = YES;
				GCC_WARN_UNINITIALIZED_AUTOS = YES_AGGRESSIVE;
				GCC_WARN_UNUSED_FUNCTION = YES;
				GCC_WARN_UNUSED_VARIABLE = YES;
				IPHONEOS_DEPLOYMENT_TARGET = 14.5;
				MTL_ENABLE_DEBUG_INFO = NO;
				MTL_FAST_MATH = YES;
				SDKROOT = iphoneos;
				SWIFT_COMPILATION_MODE = wholemodule;
				SWIFT_OPTIMIZATION_LEVEL = "-O";
				VALIDATE_PRODUCT = YES;
			};
			name = Release;
		};
		B1D64FD62713A3320094EEEF /* Debug */ = {
			isa = XCBuildConfiguration;
			buildSettings = {
				ASSETCATALOG_COMPILER_APPICON_NAME = AppIcon;
				ASSETCATALOG_COMPILER_GLOBAL_ACCENT_COLOR_NAME = AccentColor;
				CODE_SIGN_STYLE = Automatic;
				INFOPLIST_FILE = Parstagram/Info.plist;
				LD_RUNPATH_SEARCH_PATHS = (
					"$(inherited)",
					"@executable_path/Frameworks",
				);
				PRODUCT_BUNDLE_IDENTIFIER = CodePath.Parstagram;
				PRODUCT_NAME = "$(TARGET_NAME)";
				SWIFT_VERSION = 5.0;
				TARGETED_DEVICE_FAMILY = "1,2";
			};
			name = Debug;
		};
		B1D64FD72713A3320094EEEF /* Release */ = {
			isa = XCBuildConfiguration;
			buildSettings = {
				ASSETCATALOG_COMPILER_APPICON_NAME = AppIcon;
				ASSETCATALOG_COMPILER_GLOBAL_ACCENT_COLOR_NAME = AccentColor;
				CODE_SIGN_STYLE = Automatic;
				INFOPLIST_FILE = Parstagram/Info.plist;
				LD_RUNPATH_SEARCH_PATHS = (
					"$(inherited)",
					"@executable_path/Frameworks",
				);
				PRODUCT_BUNDLE_IDENTIFIER = CodePath.Parstagram;
				PRODUCT_NAME = "$(TARGET_NAME)";
				SWIFT_VERSION = 5.0;
				TARGETED_DEVICE_FAMILY = "1,2";
			};
			name = Release;
		};
		B1D64FD92713A3320094EEEF /* Debug */ = {
			isa = XCBuildConfiguration;
			buildSettings = {
				ALWAYS_EMBED_SWIFT_STANDARD_LIBRARIES = YES;
				BUNDLE_LOADER = "$(TEST_HOST)";
				CODE_SIGN_STYLE = Automatic;
				INFOPLIST_FILE = ParstagramTests/Info.plist;
				IPHONEOS_DEPLOYMENT_TARGET = 14.5;
				LD_RUNPATH_SEARCH_PATHS = (
					"$(inherited)",
					"@executable_path/Frameworks",
					"@loader_path/Frameworks",
				);
				PRODUCT_BUNDLE_IDENTIFIER = CodePath.ParstagramTests;
				PRODUCT_NAME = "$(TARGET_NAME)";
				SWIFT_VERSION = 5.0;
				TARGETED_DEVICE_FAMILY = "1,2";
				TEST_HOST = "$(BUILT_PRODUCTS_DIR)/Parstagram.app/Parstagram";
			};
			name = Debug;
		};
		B1D64FDA2713A3320094EEEF /* Release */ = {
			isa = XCBuildConfiguration;
			buildSettings = {
				ALWAYS_EMBED_SWIFT_STANDARD_LIBRARIES = YES;
				BUNDLE_LOADER = "$(TEST_HOST)";
				CODE_SIGN_STYLE = Automatic;
				INFOPLIST_FILE = ParstagramTests/Info.plist;
				IPHONEOS_DEPLOYMENT_TARGET = 14.5;
				LD_RUNPATH_SEARCH_PATHS = (
					"$(inherited)",
					"@executable_path/Frameworks",
					"@loader_path/Frameworks",
				);
				PRODUCT_BUNDLE_IDENTIFIER = CodePath.ParstagramTests;
				PRODUCT_NAME = "$(TARGET_NAME)";
				SWIFT_VERSION = 5.0;
				TARGETED_DEVICE_FAMILY = "1,2";
				TEST_HOST = "$(BUILT_PRODUCTS_DIR)/Parstagram.app/Parstagram";
			};
			name = Release;
		};
		B1D64FDC2713A3320094EEEF /* Debug */ = {
			isa = XCBuildConfiguration;
			buildSettings = {
				ALWAYS_EMBED_SWIFT_STANDARD_LIBRARIES = YES;
				CODE_SIGN_STYLE = Automatic;
				INFOPLIST_FILE = ParstagramUITests/Info.plist;
				LD_RUNPATH_SEARCH_PATHS = (
					"$(inherited)",
					"@executable_path/Frameworks",
					"@loader_path/Frameworks",
				);
				PRODUCT_BUNDLE_IDENTIFIER = CodePath.ParstagramUITests;
				PRODUCT_NAME = "$(TARGET_NAME)";
				SWIFT_VERSION = 5.0;
				TARGETED_DEVICE_FAMILY = "1,2";
				TEST_TARGET_NAME = Parstagram;
			};
			name = Debug;
		};
		B1D64FDD2713A3320094EEEF /* Release */ = {
			isa = XCBuildConfiguration;
			buildSettings = {
				ALWAYS_EMBED_SWIFT_STANDARD_LIBRARIES = YES;
				CODE_SIGN_STYLE = Automatic;
				INFOPLIST_FILE = ParstagramUITests/Info.plist;
				LD_RUNPATH_SEARCH_PATHS = (
					"$(inherited)",
					"@executable_path/Frameworks",
					"@loader_path/Frameworks",
				);
				PRODUCT_BUNDLE_IDENTIFIER = CodePath.ParstagramUITests;
				PRODUCT_NAME = "$(TARGET_NAME)";
				SWIFT_VERSION = 5.0;
				TARGETED_DEVICE_FAMILY = "1,2";
				TEST_TARGET_NAME = Parstagram;
			};
			name = Release;
		};
/* End XCBuildConfiguration section */

/* Begin XCConfigurationList section */
		B1D64FA62713A32C0094EEEF /* Build configuration list for PBXProject "Parstagram" */ = {
			isa = XCConfigurationList;
			buildConfigurations = (
				B1D64FD32713A3320094EEEF /* Debug */,
				B1D64FD42713A3320094EEEF /* Release */,
			);
			defaultConfigurationIsVisible = 0;
			defaultConfigurationName = Release;
		};
		B1D64FD52713A3320094EEEF /* Build configuration list for PBXNativeTarget "Parstagram" */ = {
			isa = XCConfigurationList;
			buildConfigurations = (
				B1D64FD62713A3320094EEEF /* Debug */,
				B1D64FD72713A3320094EEEF /* Release */,
			);
			defaultConfigurationIsVisible = 0;
			defaultConfigurationName = Release;
		};
		B1D64FD82713A3320094EEEF /* Build configuration list for PBXNativeTarget "ParstagramTests" */ = {
			isa = XCConfigurationList;
			buildConfigurations = (
				B1D64FD92713A3320094EEEF /* Debug */,
				B1D64FDA2713A3320094EEEF /* Release */,
			);
			defaultConfigurationIsVisible = 0;
			defaultConfigurationName = Release;
		};
		B1D64FDB2713A3320094EEEF /* Build configuration list for PBXNativeTarget "ParstagramUITests" */ = {
			isa = XCConfigurationList;
			buildConfigurations = (
				B1D64FDC2713A3320094EEEF /* Debug */,
				B1D64FDD2713A3320094EEEF /* Release */,
			);
			defaultConfigurationIsVisible = 0;
			defaultConfigurationName = Release;
		};
/* End XCConfigurationList section */
	};
	rootObject = B1D64FA32713A32C0094EEEF /* Project object */;
}
